lockfileVersion: '9.0'

settings:
  autoInstallPeers: true
  excludeLinksFromLockfile: false

importers:

  .:
    devDependencies:
      dax:
        specifier: ^0.45.0
        version: 0.45.0

packages:

  '@deno/shim-deno-test@0.5.0':
    resolution: {integrity: sha512-4nMhecpGlPi0cSzT67L+Tm+GOJqvuk8gqHBziqcUQOarnuIax1z96/gJHCSIz2Z0zhxE6Rzwb3IZXPtFh51j+w==}

  '@deno/shim-deno@0.19.2':
    resolution: {integrity: sha512-q3VTHl44ad8T2Tw2SpeAvghdGOjlnLPDNO2cpOxwMrBE/PVas6geWpbpIgrM+czOCH0yejp0yi8OaTuB+NU40Q==}

  dax@0.45.0:
    resolution: {integrity: sha512-y/47GKisPkHCtkDQVr3yfJEtVTuXqMVXhU4Au8Xrzu4s+s9eQUBGuCFHBwrfUrsry0Or6NyusHl0DSi6qj7/4w==}

  isexe@3.1.2:
    resolution: {integrity: sha512-mIcis6w+JiQf3P7t7mg/35GKB4T1FQsBOtMIvuKw4YErj5RjtbhcTd5/I30fmkmGMwvI0WlzSNN+27K0QCMkAw==}
    engines: {node: '>=20'}

  undici-types@5.28.4:
    resolution: {integrity: sha512-3OeMF5Lyowe8VW0skf5qaIE7Or3yS9LS7fvMUI0gg4YxpIBVg0L8BxCmROw2CcYhSkpR68Epz7CGc8MPj94Uww==}

  which@4.0.0:
    resolution: {integrity: sha512-GlaYyEb07DPxYCKhKzplCWBJtvxZcZMrL+4UkrTSJHHPyZU4mYYTv3qaOe77H7EODLSSopAUFAc6W8U4yqvscg==}
    engines: {node: ^16.13.0 || >=18.0.0}
    hasBin: true

snapshots:

  '@deno/shim-deno-test@0.5.0': {}

  '@deno/shim-deno@0.19.2':
    dependencies:
      '@deno/shim-deno-test': 0.5.0
      which: 4.0.0

  dax@0.45.0:
    dependencies:
      '@deno/shim-deno': 0.19.2
      undici-types: 5.28.4

  isexe@3.1.2: {}

  undici-types@5.28.4: {}

  which@4.0.0:
    dependencies:
      isexe: 3.1.2
